
Microsoft Visual Studio Solution File, Format Version 12.00
# Visual Studio Version 17
VisualStudioVersion = 17.0.31903.59
MinimumVisualStudioVersion = 10.0.40219.1
Project("{FAE04EC0-301F-11D3-BF4B-00C04F79EFBC}") = "Ecommerce.Api", "src\backend\Ecommerce.Api\Ecommerce.Api.csproj", "{295C7E06-3B65-457E-8ADE-9E6A62BC8CE7}"
EndProject
Project("{FAE04EC0-301F-11D3-BF4B-00C04F79EFBC}") = "Ecommerce.Gateway", "src\backend\Ecommerce.Gateway\Ecommerce.Gateway.csproj", "{73282A5D-D70B-4E75-A155-6C582725C566}"
EndProject
Project("{FAE04EC0-301F-11D3-BF4B-00C04F79EFBC}") = "Ecommerce.Api.Tests", "src\backend\Ecommerce.Api.Tests\Ecommerce.Api.Tests.csproj", "{C8E3FF7F-21DD-4A41-AC7B-847224F2676C}"
EndProject
Global
	GlobalSection(SolutionConfigurationPlatforms) = preSolution
		Debug|Any CPU = Debug|Any CPU
		Release|Any CPU = Release|Any CPU
	EndGlobalSection
	GlobalSection(ProjectConfigurationPlatforms) = postSolution
		{295C7E06-3B65-457E-8ADE-9E6A62BC8CE7}.Debug|Any CPU.ActiveCfg = Debug|Any CPU
		{295C7E06-3B65-457E-8ADE-9E6A62BC8CE7}.Debug|Any CPU.Build.0 = Debug|Any CPU
		{295C7E06-3B65-457E-8ADE-9E6A62BC8CE7}.Release|Any CPU.ActiveCfg = Release|Any CPU
		{295C7E06-3B65-457E-8ADE-9E6A62BC8CE7}.Release|Any CPU.Build.0 = Release|Any CPU
		{73282A5D-D70B-4E75-A155-6C582725C566}.Debug|Any CPU.ActiveCfg = Debug|Any CPU
		{73282A5D-D70B-4E75-A155-6C582725C566}.Debug|Any CPU.Build.0 = Debug|Any CPU
		{73282A5D-D70B-4E75-A155-6C582725C566}.Release|Any CPU.ActiveCfg = Release|Any CPU
		{73282A5D-D70B-4E75-A155-6C582725C566}.Release|Any CPU.Build.0 = Release|Any CPU
		{C8E3FF7F-21DD-4A41-AC7B-847224F2676C}.Debug|Any CPU.ActiveCfg = Debug|Any CPU
		{C8E3FF7F-21DD-4A41-AC7B-847224F2676C}.Debug|Any CPU.Build.0 = Debug|Any CPU
		{C8E3FF7F-21DD-4A41-AC7B-847224F2676C}.Release|Any CPU.ActiveCfg = Release|Any CPU
		{C8E3FF7F-21DD-4A41-AC7B-847224F2676C}.Release|Any CPU.Build.0 = Release|Any CPU
	EndGlobalSection
	GlobalSection(SolutionProperties) = preSolution
		HideSolutionNode = FALSE
	EndGlobalSection
EndGlobal
